
Microsoft Visual Studio Solution File, Format Version 12.00
# Visual Studio 14
VisualStudioVersion = 14.0.25420.1
MinimumVisualStudioVersion = 10.0.40219.1
Project("{FAE04EC0-301F-11D3-BF4B-00C04F79EFBC}") = "TwitterStream", "TwitterStream\TwitterStream.csproj", "{C7D429DD-D3A8-411E-B95F-6DE3FABD3BB7}"
EndProject
Project("{FAE04EC0-301F-11D3-BF4B-00C04F79EFBC}") = "TwitterStreamApi", "TwitterStreamApi\TwitterStreamApi.csproj", "{C09C2A82-483E-4EE1-BB05-1D78344F6D2F}"
EndProject
Global
	GlobalSection(SolutionConfigurationPlatforms) = preSolution
		Debug|Any CPU = Debug|Any CPU
		Release|Any CPU = Release|Any CPU
	EndGlobalSection
	GlobalSection(ProjectConfigurationPlatforms) = postSolution
		{C7D429DD-D3A8-411E-B95F-6DE3FABD3BB7}.Debug|Any CPU.ActiveCfg = Debug|Any CPU
		{C7D429DD-D3A8-411E-B95F-6DE3FABD3BB7}.Debug|Any CPU.Build.0 = Debug|Any CPU
		{C7D429DD-D3A8-411E-B95F-6DE3FABD3BB7}.Release|Any CPU.ActiveCfg = Release|Any CPU
		{C7D429DD-D3A8-411E-B95F-6DE3FABD3BB7}.Release|Any CPU.Build.0 = Release|Any CPU
		{C09C2A82-483E-4EE1-BB05-1D78344F6D2F}.Debug|Any CPU.ActiveCfg = Debug|Any CPU
		{C09C2A82-483E-4EE1-BB05-1D78344F6D2F}.Debug|Any CPU.Build.0 = Debug|Any CPU
		{C09C2A82-483E-4EE1-BB05-1D78344F6D2F}.Release|Any CPU.ActiveCfg = Release|Any CPU
		{C09C2A82-483E-4EE1-BB05-1D78344F6D2F}.Release|Any CPU.Build.0 = Release|Any CPU
	EndGlobalSection
	GlobalSection(SolutionProperties) = preSolution
		HideSolutionNode = FALSE
	EndGlobalSection
EndGlobal
